
Microsoft Visual Studio Solution File, Format Version 12.00
# Visual Studio Express 2012 for Windows Desktop
Project("{FAE04EC0-301F-11D3-BF4B-00C04F79EFBC}") = "Sam.Command", "Sam.Command\Sam.Command.csproj", "{17E1CE5A-4B29-4904-8906-3FF5791E0D52}"
EndProject
Project("{FAE04EC0-301F-11D3-BF4B-00C04F79EFBC}") = "Sam.Runner", "Sam.Runner\Sam.Runner.csproj", "{C616A2CD-EFAB-4376-89AA-73611CADB696}"
EndProject
Project("{FAE04EC0-301F-11D3-BF4B-00C04F79EFBC}") = "Sam.Transaction", "Sam.Transaction\Sam.Transaction.csproj", "{6126CD08-DD21-47C0-A2B7-F2DC1FD0210B}"
EndProject
Project("{FAE04EC0-301F-11D3-BF4B-00C04F79EFBC}") = "Sam.Communication", "Sam.Communication\Sam.Communication.csproj", "{A0DB5D1F-A528-4135-92E0-2BD1197880A3}"
EndProject
Project("{FAE04EC0-301F-11D3-BF4B-00C04F79EFBC}") = "Sam.PaymentGateway", "Sam.PaymentGateway\Sam.PaymentGateway.csproj", "{1FD0D550-7E23-4E66-85D0-E84357FFB349}"
EndProject
Global
	GlobalSection(SolutionConfigurationPlatforms) = preSolution
		Debug|Any CPU = Debug|Any CPU
		Release|Any CPU = Release|Any CPU
	EndGlobalSection
	GlobalSection(ProjectConfigurationPlatforms) = postSolution
		{17E1CE5A-4B29-4904-8906-3FF5791E0D52}.Debug|Any CPU.ActiveCfg = Debug|Any CPU
		{17E1CE5A-4B29-4904-8906-3FF5791E0D52}.Debug|Any CPU.Build.0 = Debug|Any CPU
		{17E1CE5A-4B29-4904-8906-3FF5791E0D52}.Release|Any CPU.ActiveCfg = Release|Any CPU
		{17E1CE5A-4B29-4904-8906-3FF5791E0D52}.Release|Any CPU.Build.0 = Release|Any CPU
		{C616A2CD-EFAB-4376-89AA-73611CADB696}.Debug|Any CPU.ActiveCfg = Debug|Any CPU
		{C616A2CD-EFAB-4376-89AA-73611CADB696}.Debug|Any CPU.Build.0 = Debug|Any CPU
		{C616A2CD-EFAB-4376-89AA-73611CADB696}.Release|Any CPU.ActiveCfg = Release|Any CPU
		{C616A2CD-EFAB-4376-89AA-73611CADB696}.Release|Any CPU.Build.0 = Release|Any CPU
		{6126CD08-DD21-47C0-A2B7-F2DC1FD0210B}.Debug|Any CPU.ActiveCfg = Debug|Any CPU
		{6126CD08-DD21-47C0-A2B7-F2DC1FD0210B}.Debug|Any CPU.Build.0 = Debug|Any CPU
		{6126CD08-DD21-47C0-A2B7-F2DC1FD0210B}.Release|Any CPU.ActiveCfg = Release|Any CPU
		{6126CD08-DD21-47C0-A2B7-F2DC1FD0210B}.Release|Any CPU.Build.0 = Release|Any CPU
		{A0DB5D1F-A528-4135-92E0-2BD1197880A3}.Debug|Any CPU.ActiveCfg = Debug|Any CPU
		{A0DB5D1F-A528-4135-92E0-2BD1197880A3}.Debug|Any CPU.Build.0 = Debug|Any CPU
		{A0DB5D1F-A528-4135-92E0-2BD1197880A3}.Release|Any CPU.ActiveCfg = Release|Any CPU
		{A0DB5D1F-A528-4135-92E0-2BD1197880A3}.Release|Any CPU.Build.0 = Release|Any CPU
		{1FD0D550-7E23-4E66-85D0-E84357FFB349}.Debug|Any CPU.ActiveCfg = Debug|Any CPU
		{1FD0D550-7E23-4E66-85D0-E84357FFB349}.Debug|Any CPU.Build.0 = Debug|Any CPU
		{1FD0D550-7E23-4E66-85D0-E84357FFB349}.Release|Any CPU.ActiveCfg = Release|Any CPU
		{1FD0D550-7E23-4E66-85D0-E84357FFB349}.Release|Any CPU.Build.0 = Release|Any CPU
	EndGlobalSection
	GlobalSection(SolutionProperties) = preSolution
		HideSolutionNode = FALSE
	EndGlobalSection
EndGlobal
